{
  "requires": true,
  "lockfileVersion": 1,
  "dependencies": {
    "@yomguithereal/helpers": {
      "version": "1.0.1",
      "resolved": "https://registry.npmjs.org/@yomguithereal/helpers/-/helpers-1.0.1.tgz",
      "integrity": "sha512-FhhWmGYCi5XWIC6kSfpcxkkuabi8koiH1CebrrqMZgK0WYdRdinWla/qLCeiqVSuT+iNOxQUMhhsSDbdgSsqjw=="
    },
    "events": {
      "version": "3.1.0",
      "resolved": "https://registry.npmjs.org/events/-/events-3.1.0.tgz",
      "integrity": "sha512-Rv+u8MLHNOdMjTAFeT3nCjHn2aGlx435FP/sDHNaRhDEMwyI/aB22Kj2qIN8R0cw3z28psEQLYwxVKLsKrMgWg=="
    },
    "graphology-indices": {
      "version": "0.3.0",
      "resolved": "https://registry.npmjs.org/graphology-indices/-/graphology-indices-0.3.0.tgz",
      "integrity": "sha512-GArvM2n4/wGhUB2JZlNSKljCniF3YLbf9pV0bUXki3j2r8SxVx/QSeWqqaww3y7EceOS/nUPw/wdWhMsUYShnQ==",
      "requires": {
        "graphology-types": "^0.16.0",
        "graphology-utils": "^1.7.0",
        "mnemonist": "^0.32.0"
      },
      "dependencies": {
        "mnemonist": {
          "version": "0.32.0",
          "resolved": "https://registry.npmjs.org/mnemonist/-/mnemonist-0.32.0.tgz",
          "integrity": "sha512-WMVGPpT8guWwnsnw+WibOvInBnPfXFG+9SD+mg2+YgPEuW9Gdz9D2MEi05ko6RG1ui0RHljc+yYAvOHQn3GbbQ==",
          "requires": {
            "obliterator": "^1.5.0"
          }
        }
      }
    },
    "graphology-metrics": {
      "version": "1.6.1",
      "resolved": "https://registry.npmjs.org/graphology-metrics/-/graphology-metrics-1.6.1.tgz",
      "integrity": "sha512-0VkKC80GI3OWH/I7DwwroHBB9ACyNk5O3h9ni4TvLRGevSalWNASDF5F87jrVwk08ZJcndJ8cFe5BYY3+EPluQ==",
      "requires": {
        "graphology-shortest-path": "^1.0.1",
        "graphology-utils": "^1.3.1",
        "lodash": "^4.17.11"
      }
    },
    "graphology-shortest-path": {
      "version": "1.3.1",
      "resolved": "https://registry.npmjs.org/graphology-shortest-path/-/graphology-shortest-path-1.3.1.tgz",
      "integrity": "sha512-N4rRuVMCmB3woS7rvezjEDWiXydwx0V5+Pmi/kHFVMk1bOLI1B/KKZOM4xDA+P5k7eViwxXxoNs9lQcTDkhBIQ==",
      "requires": {
        "@yomguithereal/helpers": "^1.0.0",
        "graphology-indices": "^0.3.0",
        "graphology-types": "^0.16.0",
        "graphology-utils": "^1.7.0",
        "mnemonist": "^0.33.1"
      }
    },
    "graphology-types": {
      "version": "0.16.0",
      "resolved": "https://registry.npmjs.org/graphology-types/-/graphology-types-0.16.0.tgz",
      "integrity": "sha512-iBGyPuMHlmHdXaB0cu/vllkPJ3myf063ZICY90zDxYQrJYZ3Dm4h2+dLM3Kof+CVJzM4HGg96ZFZ8HS6C7LgCQ=="
    },
    "graphology-utils": {
      "version": "1.7.0",
      "resolved": "https://registry.npmjs.org/graphology-utils/-/graphology-utils-1.7.0.tgz",
      "integrity": "sha512-g94E5O1FTws4E81AVKnCmxinDN1KRO7Zpysqd/j7Xjy2Qjs7DOnB3XHZUaS/Yk6D74LorBp7NJY5685IEkAh6g==",
      "requires": {
        "graphology-types": "^0.15.1"
      },
      "dependencies": {
        "graphology-types": {
          "version": "0.15.5",
          "resolved": "https://registry.npmjs.org/graphology-types/-/graphology-types-0.15.5.tgz",
          "integrity": "sha512-2NONgcQ0KmzMoiLAOkk4AkyhrQsA4dfJKyGOMYUfz2sNBAR/VK3oPcalCg3ID7zDd4XSqE3rMtEt+G3KcUaLew=="
        }
      }
    },
    "lodash": {
      "version": "4.17.15",
      "resolved": "https://registry.npmjs.org/lodash/-/lodash-4.17.15.tgz",
      "integrity": "sha512-8xOcRHvCjnocdS5cpwXQXVzmmh5e5+saE2QGoeQmbKmRS6J3VQppPOIt0MnmE+4xlZoumy0GPG0D0MVIQbNA1A=="
    },
    "mnemonist": {
      "version": "0.33.1",
      "resolved": "https://registry.npmjs.org/mnemonist/-/mnemonist-0.33.1.tgz",
      "integrity": "sha512-+uOVZaYbCrp+Mf7POOW5No0WC9HfvU7o2CRh3nqvAOZnd/VSkuh4BfnDpFmvVVpZyrudAJaCNrOKH20S4Hki3Q==",
      "requires": {
        "obliterator": "^1.6.1"
      }
    },
    "obliterator": {
      "version": "1.6.1",
      "resolved": "https://registry.npmjs.org/obliterator/-/obliterator-1.6.1.tgz",
      "integrity": "sha512-9WXswnqINnnhOG/5SLimUlzuU1hFJUc8zkwyD59Sd+dPOMf05PmnYG/d6Q7HZ+KmgkZJa1PxRso6QdM3sTNHig=="
    },
    "sigma": {
      "version": "2.0.0-alpha32",
      "resolved": "https://registry.npmjs.org/sigma/-/sigma-2.0.0-alpha32.tgz",
      "integrity": "sha512-exfi5tvHXimucX1566uDysie6Kq3qYgwz+S+8lzg4yK6egPrMAGx3cVxSok0UqiQD0575Xmp5cfccCgTUkcLxg==",
      "requires": {
        "@yomguithereal/helpers": "^1.0.0",
        "events": "^3.0.0",
        "graphology-metrics": "1.6.1",
        "graphology-utils": "^1.4.0"
      }
    }
  }
}
